
Microsoft Visual Studio Solution File, Format Version 12.00
# Visual Studio Version 16
VisualStudioVersion = 16.0.29318.209
MinimumVisualStudioVersion = 10.0.40219.1
Project("{FAE04EC0-301F-11D3-BF4B-00C04F79EFBC}") = "Earthquake.Checker", "Earthquake.Checker.csproj", "{B9E1C45C-FC2A-45D4-BB1C-06C988602D01}"
EndProject
Global
	GlobalSection(SolutionConfigurationPlatforms) = preSolution
		Debug|Any CPU = Debug|Any CPU
		Release|Any CPU = Release|Any CPU
	EndGlobalSection
	GlobalSection(ProjectConfigurationPlatforms) = postSolution
		{B9E1C45C-FC2A-45D4-BB1C-06C988602D01}.Debug|Any CPU.ActiveCfg = Debug|Any CPU
		{B9E1C45C-FC2A-45D4-BB1C-06C988602D01}.Debug|Any CPU.Build.0 = Debug|Any CPU
		{B9E1C45C-FC2A-45D4-BB1C-06C988602D01}.Release|Any CPU.ActiveCfg = Release|Any CPU
		{B9E1C45C-FC2A-45D4-BB1C-06C988602D01}.Release|Any CPU.Build.0 = Release|Any CPU
	EndGlobalSection
	GlobalSection(SolutionProperties) = preSolution
		HideSolutionNode = FALSE
	EndGlobalSection
	GlobalSection(ExtensibilityGlobals) = postSolution
		SolutionGuid = {005625BF-9D3D-41E7-9D0B-DA5CFFCBD4FE}
	EndGlobalSection
EndGlobal
